
Microsoft Visual Studio Solution File, Format Version 12.00
# Visual Studio 2013
VisualStudioVersion = 12.0.21005.1
MinimumVisualStudioVersion = 10.0.40219.1
Project("{CC5FD16D-436D-48AD-A40C-5A424C6E3E79}") = "PdfRenderingService", "PdfRenderingService.ccproj", "{961F568B-32B3-4D26-8567-AC555D837721}"
EndProject
Project("{FAE04EC0-301F-11D3-BF4B-00C04F79EFBC}") = "PdfRenderingService.WebRole", "PdfRenderingService.WebRole\PdfRenderingService.WebRole.csproj", "{581F44A3-00E0-4B7C-8071-AC593B474A9F}"
EndProject
Global
	GlobalSection(SolutionConfigurationPlatforms) = preSolution
		Debug|Any CPU = Debug|Any CPU
		Release|Any CPU = Release|Any CPU
	EndGlobalSection
	GlobalSection(ProjectConfigurationPlatforms) = postSolution
		{961F568B-32B3-4D26-8567-AC555D837721}.Debug|Any CPU.ActiveCfg = Debug|Any CPU
		{961F568B-32B3-4D26-8567-AC555D837721}.Debug|Any CPU.Build.0 = Debug|Any CPU
		{961F568B-32B3-4D26-8567-AC555D837721}.Release|Any CPU.ActiveCfg = Release|Any CPU
		{961F568B-32B3-4D26-8567-AC555D837721}.Release|Any CPU.Build.0 = Release|Any CPU
		{581F44A3-00E0-4B7C-8071-AC593B474A9F}.Debug|Any CPU.ActiveCfg = Debug|Any CPU
		{581F44A3-00E0-4B7C-8071-AC593B474A9F}.Debug|Any CPU.Build.0 = Debug|Any CPU
		{581F44A3-00E0-4B7C-8071-AC593B474A9F}.Release|Any CPU.ActiveCfg = Release|Any CPU
		{581F44A3-00E0-4B7C-8071-AC593B474A9F}.Release|Any CPU.Build.0 = Release|Any CPU
	EndGlobalSection
	GlobalSection(SolutionProperties) = preSolution
		HideSolutionNode = FALSE
	EndGlobalSection
EndGlobal
